// !$*UTF8*$!
{
	archiveVersion = 1;
	classes = {
	};
	objectVersion = 77;
	objects = {

/* Begin PBXContainerItemProxy section */
		FA8CEC152DB2DC7800A58686 /* PBXContainerItemProxy */ = {
			isa = PBXContainerItemProxy;
			containerPortal = FA8CEBFC2DB2DC7400A58686 /* Project object */;
			proxyType = 1;
			remoteGlobalIDString = FA8CEC032DB2DC7400A58686;
			remoteInfo = "AI Design R&D";
		};
		FA8CEC1F2DB2DC7800A58686 /* PBXContainerItemProxy */ = {
			isa = PBXContainerItemProxy;
			containerPortal = FA8CEBFC2DB2DC7400A58686 /* Project object */;
			proxyType = 1;
			remoteGlobalIDString = FA8CEC032DB2DC7400A58686;
			remoteInfo = "AI Design R&D";
		};
/* End PBXContainerItemProxy section */

/* Begin PBXFileReference section */
		FA8CEC042DB2DC7400A58686 /* AI Design R&D.app */ = {isa = PBXFileReference; explicitFileType = wrapper.application; includeInIndex = 0; path = "AI Design R&D.app"; sourceTree = BUILT_PRODUCTS_DIR; };
		FA8CEC142DB2DC7800A58686 /* AI Design R&DTests.xctest */ = {isa = PBXFileReference; explicitFileType = wrapper.cfbundle; includeInIndex = 0; path = "AI Design R&DTests.xctest"; sourceTree = BUILT_PRODUCTS_DIR; };
		FA8CEC1E2DB2DC7800A58686 /* AI Design R&DUITests.xctest */ = {isa = PBXFileReference; explicitFileType = wrapper.cfbundle; includeInIndex = 0; path = "AI Design R&DUITests.xctest"; sourceTree = BUILT_PRODUCTS_DIR; };
/* End PBXFileReference section */

/* Begin PBXFileSystemSynchronizedRootGroup section */
		FA8CEC062DB2DC7400A58686 /* AI Design R&D */ = {
			isa = PBXFileSystemSynchronizedRootGroup;
			path = "AI Design R&D";
			sourceTree = "<group>";
		};
		FA8CEC172DB2DC7800A58686 /* AI Design R&DTests */ = {
			isa = PBXFileSystemSynchronizedRootGroup;
			path = "AI Design R&DTests";
			sourceTree = "<group>";
		};
		FA8CEC212DB2DC7800A58686 /* AI Design R&DUITests */ = {
			isa = PBXFileSystemSynchronizedRootGroup;
			path = "AI Design R&DUITests";
			sourceTree = "<group>";
		};
/* End PBXFileSystemSynchronizedRootGroup section */

/* Begin PBXFrameworksBuildPhase section */
		FA8CEC012DB2DC7400A58686 /* Frameworks */ = {
			isa = PBXFrameworksBuildPhase;
			buildActionMask = 2147483647;
			files = (
			);
			runOnlyForDeploymentPostprocessing = 0;
		};
		FA8CEC112DB2DC7800A58686 /* Frameworks */ = {
			isa = PBXFrameworksBuildPhase;
			buildActionMask = 2147483647;
			files = (
			);
			runOnlyForDeploymentPostprocessing = 0;
		};
		FA8CEC1B2DB2DC7800A58686 /* Frameworks */ = {
			isa = PBXFrameworksBuildPhase;
			buildActionMask = 2147483647;
			files = (
			);
			runOnlyForDeploymentPostprocessing = 0;
		};
/* End PBXFrameworksBuildPhase section */

/* Begin PBXGroup section */
		FA8CEBFB2DB2DC7400A58686 = {
			isa = PBXGroup;
			children = (
				FA8CEC062DB2DC7400A58686 /* AI Design R&D */,
				FA8CEC172DB2DC7800A58686 /* AI Design R&DTests */,
				FA8CEC212DB2DC7800A58686 /* AI Design R&DUITests */,
				FA8CEC052DB2DC7400A58686 /* Products */,
			);
			sourceTree = "<group>";
		};
		FA8CEC052DB2DC7400A58686 /* Products */ = {
			isa = PBXGroup;
			children = (
				FA8CEC042DB2DC7400A58686 /* AI Design R&D.app */,
				FA8CEC142DB2DC7800A58686 /* AI Design R&DTests.xctest */,
				FA8CEC1E2DB2DC7800A58686 /* AI Design R&DUITests.xctest */,
			);
			name = Products;
			sourceTree = "<group>";
		};
/* End PBXGroup section */

/* Begin PBXNativeTarget section */
		FA8CEC032DB2DC7400A58686 /* AI Design R&D */ = {
			isa = PBXNativeTarget;
			buildConfigurationList = FA8CEC282DB2DC7800A58686 /* Build configuration list for PBXNativeTarget "AI Design R&D" */;
			buildPhases = (
				FA8CEC002DB2DC7400A58686 /* Sources */,
				FA8CEC012DB2DC7400A58686 /* Frameworks */,
				FA8CEC022DB2DC7400A58686 /* Resources */,
			);
			buildRules = (
			);
			dependencies = (
			);
			fileSystemSynchronizedGroups = (
				FA8CEC062DB2DC7400A58686 /* AI Design R&D */,
			);
			name = "AI Design R&D";
			packageProductDependencies = (
			);
			productName = "AI Design R&D";
			productReference = FA8CEC042DB2DC7400A58686 /* AI Design R&D.app */;
			productType = "com.apple.product-type.application";
		};
		FA8CEC132DB2DC7800A58686 /* AI Design R&DTests */ = {
			isa = PBXNativeTarget;
			buildConfigurationList = FA8CEC2B2DB2DC7800A58686 /* Build configuration list for PBXNativeTarget "AI Design R&DTests" */;
			buildPhases = (
				FA8CEC102DB2DC7800A58686 /* Sources */,
				FA8CEC112DB2DC7800A58686 /* Frameworks */,
				FA8CEC122DB2DC7800A58686 /* Resources */,
			);
			buildRules = (
			);
			dependencies = (
				FA8CEC162DB2DC7800A58686 /* PBXTargetDependency */,
			);
			fileSystemSynchronizedGroups = (
				FA8CEC172DB2DC7800A58686 /* AI Design R&DTests */,
			);
			name = "AI Design R&DTests";
			packageProductDependencies = (
			);
			productName = "AI Design R&DTests";
			productReference = FA8CEC142DB2DC7800A58686 /* AI Design R&DTests.xctest */;
			productType = "com.apple.product-type.bundle.unit-test";
		};
		FA8CEC1D2DB2DC7800A58686 /* AI Design R&DUITests */ = {
			isa = PBXNativeTarget;
			buildConfigurationList = FA8CEC2E2DB2DC7800A58686 /* Build configuration list for PBXNativeTarget "AI Design R&DUITests" */;
			buildPhases = (
				FA8CEC1A2DB2DC7800A58686 /* Sources */,
				FA8CEC1B2DB2DC7800A58686 /* Frameworks */,
				FA8CEC1C2DB2DC7800A58686 /* Resources */,
			);
			buildRules = (
			);
			dependencies = (
				FA8CEC202DB2DC7800A58686 /* PBXTargetDependency */,
			);
			fileSystemSynchronizedGroups = (
				FA8CEC212DB2DC7800A58686 /* AI Design R&DUITests */,
			);
			name = "AI Design R&DUITests";
			packageProductDependencies = (
			);
			productName = "AI Design R&DUITests";
			productReference = FA8CEC1E2DB2DC7800A58686 /* AI Design R&DUITests.xctest */;
			productType = "com.apple.product-type.bundle.ui-testing";
		};
/* End PBXNativeTarget section */

/* Begin PBXProject section */
		FA8CEBFC2DB2DC7400A58686 /* Project object */ = {
			isa = PBXProject;
			attributes = {
				BuildIndependentTargetsInParallel = 1;
				LastSwiftUpdateCheck = 1620;
				LastUpgradeCheck = 1620;
				TargetAttributes = {
					FA8CEC032DB2DC7400A58686 = {
						CreatedOnToolsVersion = 16.2;
					};
					FA8CEC132DB2DC7800A58686 = {
						CreatedOnToolsVersion = 16.2;
						TestTargetID = FA8CEC032DB2DC7400A58686;
					};
					FA8CEC1D2DB2DC7800A58686 = {
						CreatedOnToolsVersion = 16.2;
						TestTargetID = FA8CEC032DB2DC7400A58686;
					};
				};
			};
			buildConfigurationList = FA8CEBFF2DB2DC7400A58686 /* Build configuration list for PBXProject "AI Design R&D" */;
			developmentRegion = en;
			hasScannedForEncodings = 0;
			knownRegions = (
				en,
				Base,
			);
			mainGroup = FA8CEBFB2DB2DC7400A58686;
			minimizedProjectReferenceProxies = 1;
			preferredProjectObjectVersion = 77;
			productRefGroup = FA8CEC052DB2DC7400A58686 /* Products */;
			projectDirPath = "";
			projectRoot = "";
			targets = (
				FA8CEC032DB2DC7400A58686 /* AI Design R&D */,
				FA8CEC132DB2DC7800A58686 /* AI Design R&DTests */,
				FA8CEC1D2DB2DC7800A58686 /* AI Design R&DUITests */,
			);
		};
/* End PBXProject section */

/* Begin PBXResourcesBuildPhase section */
		FA8CEC022DB2DC7400A58686 /* Resources */ = {
			isa = PBXResourcesBuildPhase;
			buildActionMask = 2147483647;
			files = (
			);
			runOnlyForDeploymentPostprocessing = 0;
		};
		FA8CEC122DB2DC7800A58686 /* Resources */ = {
			isa = PBXResourcesBuildPhase;
			buildActionMask = 2147483647;
			files = (
			);
			runOnlyForDeploymentPostprocessing = 0;
		};
		FA8CEC1C2DB2DC7800A58686 /* Resources */ = {
			isa = PBXResourcesBuildPhase;
			buildActionMask = 2147483647;
			files = (
			);
			runOnlyForDeploymentPostprocessing = 0;
		};
/* End PBXResourcesBuildPhase section */

/* Begin PBXSourcesBuildPhase section */
		FA8CEC002DB2DC7400A58686 /* Sources */ = {
			isa = PBXSourcesBuildPhase;
			buildActionMask = 2147483647;
			files = (
			);
			runOnlyForDeploymentPostprocessing = 0;
		};
		FA8CEC102DB2DC7800A58686 /* Sources */ = {
			isa = PBXSourcesBuildPhase;
			buildActionMask = 2147483647;
			files = (
			);
			runOnlyForDeploymentPostprocessing = 0;
		};
		FA8CEC1A2DB2DC7800A58686 /* Sources */ = {
			isa = PBXSourcesBuildPhase;
			buildActionMask = 2147483647;
			files = (
			);
			runOnlyForDeploymentPostprocessing = 0;
		};
/* End PBXSourcesBuildPhase section */

/* Begin PBXTargetDependency section */
		FA8CEC162DB2DC7800A58686 /* PBXTargetDependency */ = {
			isa = PBXTargetDependency;
			target = FA8CEC032DB2DC7400A58686 /* AI Design R&D */;
			targetProxy = FA8CEC152DB2DC7800A58686 /* PBXContainerItemProxy */;
		};
		FA8CEC202DB2DC7800A58686 /* PBXTargetDependency */ = {
			isa = PBXTargetDependency;
			target = FA8CEC032DB2DC7400A58686 /* AI Design R&D */;
			targetProxy = FA8CEC1F2DB2DC7800A58686 /* PBXContainerItemProxy */;
		};
/* End PBXTargetDependency section */

/* Begin XCBuildConfiguration section */
		FA8CEC262DB2DC7800A58686 /* Debug */ = {
			isa = XCBuildConfiguration;
			buildSettings = {
				ALWAYS_SEARCH_USER_PATHS = NO;
				ASSETCATALOG_COMPILER_GENERATE_SWIFT_ASSET_SYMBOL_EXTENSIONS = YES;
				CLANG_ANALYZER_NONNULL = YES;
				CLANG_ANALYZER_NUMBER_OBJECT_CONVERSION = YES_AGGRESSIVE;
				CLANG_CXX_LANGUAGE_STANDARD = "gnu++20";
				CLANG_ENABLE_MODULES = YES;
				CLANG_ENABLE_OBJC_ARC = YES;
				CLANG_ENABLE_OBJC_WEAK = YES;
				CLANG_WARN_BLOCK_CAPTURE_AUTORELEASING = YES;
				CLANG_WARN_BOOL_CONVERSION = YES;
				CLANG_WARN_COMMA = YES;
				CLANG_WARN_CONSTANT_CONVERSION = YES;
				CLANG_WARN_DEPRECATED_OBJC_IMPLEMENTATIONS = YES;
				CLANG_WARN_DIRECT_OBJC_ISA_USAGE = YES_ERROR;
				CLANG_WARN_DOCUMENTATION_COMMENTS = YES;
				CLANG_WARN_EMPTY_BODY = YES;
				CLANG_WARN_ENUM_CONVERSION = YES;
				CLANG_WARN_INFINITE_RECURSION = YES;
				CLANG_WARN_INT_CONVERSION = YES;
				CLANG_WARN_NON_LITERAL_NULL_CONVERSION = YES;
				CLANG_WARN_OBJC_IMPLICIT_RETAIN_SELF = YES;
				CLANG_WARN_OBJC_LITERAL_CONVERSION = YES;
				CLANG_WARN_OBJC_ROOT_CLASS = YES_ERROR;
				CLANG_WARN_QUOTED_INCLUDE_IN_FRAMEWORK_HEADER = YES;
				CLANG_WARN_RANGE_LOOP_ANALYSIS = YES;
				CLANG_WARN_STRICT_PROTOTYPES = YES;
				CLANG_WARN_SUSPICIOUS_MOVE = YES;
				CLANG_WARN_UNGUARDED_AVAILABILITY = YES_AGGRESSIVE;
				CLANG_WARN_UNREACHABLE_CODE = YES;
				CLANG_WARN__DUPLICATE_METHOD_MATCH = YES;
				COPY_PHASE_STRIP = NO;
				DEBUG_INFORMATION_FORMAT = dwarf;
				ENABLE_STRICT_OBJC_MSGSEND = YES;
				ENABLE_TESTABILITY = YES;
				ENABLE_USER_SCRIPT_SANDBOXING = YES;
				GCC_C_LANGUAGE_STANDARD = gnu17;
				GCC_DYNAMIC_NO_PIC = NO;
				GCC_NO_COMMON_BLOCKS = YES;
				GCC_OPTIMIZATION_LEVEL = 0;
				GCC_PREPROCESSOR_DEFINITIONS = (
					"DEBUG=1",
					"$(inherited)",
				);
				GCC_WARN_64_TO_32_BIT_CONVERSION = YES;
				GCC_WARN_ABOUT_RETURN_TYPE = YES_ERROR;
				GCC_WARN_UNDECLARED_SELECTOR = YES;
				GCC_WARN_UNINITIALIZED_AUTOS = YES_AGGRESSIVE;
				GCC_WARN_UNUSED_FUNCTION = YES;
				GCC_WARN_UNUSED_VARIABLE = YES;
				IPHONEOS_DEPLOYMENT_TARGET = 18.2;
				LOCALIZATION_PREFERS_STRING_CATALOGS = YES;
				MTL_ENABLE_DEBUG_INFO = INCLUDE_SOURCE;
				MTL_FAST_MATH = YES;
				ONLY_ACTIVE_ARCH = YES;
				SDKROOT = iphoneos;
				SWIFT_ACTIVE_COMPILATION_CONDITIONS = "DEBUG $(inherited)";
				SWIFT_OPTIMIZATION_LEVEL = "-Onone";
			};
			name = Debug;
		};
		FA8CEC272DB2DC7800A58686 /* Release */ = {
			isa = XCBuildConfiguration;
			buildSettings = {
				ALWAYS_SEARCH_USER_PATHS = NO;
				ASSETCATALOG_COMPILER_GENERATE_SWIFT_ASSET_SYMBOL_EXTENSIONS = YES;
				CLANG_ANALYZER_NONNULL = YES;
				CLANG_ANALYZER_NUMBER_OBJECT_CONVERSION = YES_AGGRESSIVE;
				CLANG_CXX_LANGUAGE_STANDARD = "gnu++20";
				CLANG_ENABLE_MODULES = YES;
				CLANG_ENABLE_OBJC_ARC = YES;
				CLANG_ENABLE_OBJC_WEAK = YES;
				CLANG_WARN_BLOCK_CAPTURE_AUTORELEASING = YES;
				CLANG_WARN_BOOL_CONVERSION = YES;
				CLANG_WARN_COMMA = YES;
				CLANG_WARN_CONSTANT_CONVERSION = YES;
				CLANG_WARN_DEPRECATED_OBJC_IMPLEMENTATIONS = YES;
				CLANG_WARN_DIRECT_OBJC_ISA_USAGE = YES_ERROR;
				CLANG_WARN_DOCUMENTATION_COMMENTS = YES;
				CLANG_WARN_EMPTY_BODY = YES;
				CLANG_WARN_ENUM_CONVERSION = YES;
				CLANG_WARN_INFINITE_RECURSION = YES;
				CLANG_WARN_INT_CONVERSION = YES;
				CLANG_WARN_NON_LITERAL_NULL_CONVERSION = YES;
				CLANG_WARN_OBJC_IMPLICIT_RETAIN_SELF = YES;
				CLANG_WARN_OBJC_LITERAL_CONVERSION = YES;
				CLANG_WARN_OBJC_ROOT_CLASS = YES_ERROR;
				CLANG_WARN_QUOTED_INCLUDE_IN_FRAMEWORK_HEADER = YES;
				CLANG_WARN_RANGE_LOOP_ANALYSIS = YES;
				CLANG_WARN_STRICT_PROTOTYPES = YES;
				CLANG_WARN_SUSPICIOUS_MOVE = YES;
				CLANG_WARN_UNGUARDED_AVAILABILITY = YES_AGGRESSIVE;
				CLANG_WARN_UNREACHABLE_CODE = YES;
				CLANG_WARN__DUPLICATE_METHOD_MATCH = YES;
				COPY_PHASE_STRIP = NO;
				DEBUG_INFORMATION_FORMAT = "dwarf-with-dsym";
				ENABLE_NS_ASSERTIONS = NO;
				ENABLE_STRICT_OBJC_MSGSEND = YES;
				ENABLE_USER_SCRIPT_SANDBOXING = YES;
				GCC_C_LANGUAGE_STANDARD = gnu17;
				GCC_NO_COMMON_BLOCKS = YES;
				GCC_WARN_64_TO_32_BIT_CONVERSION = YES;
				GCC_WARN_ABOUT_RETURN_TYPE = YES_ERROR;
				GCC_WARN_UNDECLARED_SELECTOR = YES;
				GCC_WARN_UNINITIALIZED_AUTOS = YES_AGGRESSIVE;
				GCC_WARN_UNUSED_FUNCTION = YES;
				GCC_WARN_UNUSED_VARIABLE = YES;
				IPHONEOS_DEPLOYMENT_TARGET = 18.2;
				LOCALIZATION_PREFERS_STRING_CATALOGS = YES;
				MTL_ENABLE_DEBUG_INFO = NO;
				MTL_FAST_MATH = YES;
				SDKROOT = iphoneos;
				SWIFT_COMPILATION_MODE = wholemodule;
				VALIDATE_PRODUCT = YES;
			};
			name = Release;
		};
		FA8CEC292DB2DC7800A58686 /* Debug */ = {
			isa = XCBuildConfiguration;
			buildSettings = {
				ASSETCATALOG_COMPILER_APPICON_NAME = AppIcon;
				ASSETCATALOG_COMPILER_GLOBAL_ACCENT_COLOR_NAME = AccentColor;
				CODE_SIGN_STYLE = Automatic;
				CURRENT_PROJECT_VERSION = 1;
				DEVELOPMENT_ASSET_PATHS = "\"AI Design R&D/Preview Content\"";
				ENABLE_PREVIEWS = YES;
				GENERATE_INFOPLIST_FILE = YES;
				INFOPLIST_KEY_UIApplicationSceneManifest_Generation = YES;
				INFOPLIST_KEY_UIApplicationSupportsIndirectInputEvents = YES;
				INFOPLIST_KEY_UILaunchScreen_Generation = YES;
				INFOPLIST_KEY_UISupportedInterfaceOrientations_iPad = "UIInterfaceOrientationPortrait UIInterfaceOrientationPortraitUpsideDown UIInterfaceOrientationLandscapeLeft UIInterfaceOrientationLandscapeRight";
				INFOPLIST_KEY_UISupportedInterfaceOrientations_iPhone = "UIInterfaceOrientationPortrait UIInterfaceOrientationLandscapeLeft UIInterfaceOrientationLandscapeRight";
				LD_RUNPATH_SEARCH_PATHS = (
					"$(inherited)",
					"@executable_path/Frameworks",
				);
				MARKETING_VERSION = 1.0;
				PRODUCT_BUNDLE_IDENTIFIER = "codack.AI-Design-R-D";
				PRODUCT_NAME = "$(TARGET_NAME)";
				SWIFT_EMIT_LOC_STRINGS = YES;
				SWIFT_VERSION = 5.0;
				TARGETED_DEVICE_FAMILY = "1,2";
			};
			name = Debug;
		};
		FA8CEC2A2DB2DC7800A58686 /* Release */ = {
			isa = XCBuildConfiguration;
			buildSettings = {
				ASSETCATALOG_COMPILER_APPICON_NAME = AppIcon;
				ASSETCATALOG_COMPILER_GLOBAL_ACCENT_COLOR_NAME = AccentColor;
				CODE_SIGN_STYLE = Automatic;
				CURRENT_PROJECT_VERSION = 1;
				DEVELOPMENT_ASSET_PATHS = "\"AI Design R&D/Preview Content\"";
				ENABLE_PREVIEWS = YES;
				GENERATE_INFOPLIST_FILE = YES;
				INFOPLIST_KEY_UIApplicationSceneManifest_Generation = YES;
				INFOPLIST_KEY_UIApplicationSupportsIndirectInputEvents = YES;
				INFOPLIST_KEY_UILaunchScreen_Generation = YES;
				INFOPLIST_KEY_UISupportedInterfaceOrientations_iPad = "UIInterfaceOrientationPortrait UIInterfaceOrientationPortraitUpsideDown UIInterfaceOrientationLandscapeLeft UIInterfaceOrientationLandscapeRight";
				INFOPLIST_KEY_UISupportedInterfaceOrientations_iPhone = "UIInterfaceOrientationPortrait UIInterfaceOrientationLandscapeLeft UIInterfaceOrientationLandscapeRight";
				LD_RUNPATH_SEARCH_PATHS = (
					"$(inherited)",
					"@executable_path/Frameworks",
				);
				MARKETING_VERSION = 1.0;
				PRODUCT_BUNDLE_IDENTIFIER = "codack.AI-Design-R-D";
				PRODUCT_NAME = "$(TARGET_NAME)";
				SWIFT_EMIT_LOC_STRINGS = YES;
				SWIFT_VERSION = 5.0;
				TARGETED_DEVICE_FAMILY = "1,2";
			};
			name = Release;
		};
		FA8CEC2C2DB2DC7800A58686 /* Debug */ = {
			isa = XCBuildConfiguration;
			buildSettings = {
				BUNDLE_LOADER = "$(TEST_HOST)";
				CODE_SIGN_STYLE = Automatic;
				CURRENT_PROJECT_VERSION = 1;
				GENERATE_INFOPLIST_FILE = YES;
				IPHONEOS_DEPLOYMENT_TARGET = 18.2;
				MARKETING_VERSION = 1.0;
				PRODUCT_BUNDLE_IDENTIFIER = "codack.AI-Design-R-DTests";
				PRODUCT_NAME = "$(TARGET_NAME)";
				SWIFT_EMIT_LOC_STRINGS = NO;
				SWIFT_VERSION = 5.0;
				TARGETED_DEVICE_FAMILY = "1,2";
				TEST_HOST = "$(BUILT_PRODUCTS_DIR)/AI Design R&D.app/$(BUNDLE_EXECUTABLE_FOLDER_PATH)/AI Design R&D";
			};
			name = Debug;
		};
		FA8CEC2D2DB2DC7800A58686 /* Release */ = {
			isa = XCBuildConfiguration;
			buildSettings = {
				BUNDLE_LOADER = "$(TEST_HOST)";
				CODE_SIGN_STYLE = Automatic;
				CURRENT_PROJECT_VERSION = 1;
				GENERATE_INFOPLIST_FILE = YES;
				IPHONEOS_DEPLOYMENT_TARGET = 18.2;
				MARKETING_VERSION = 1.0;
				PRODUCT_BUNDLE_IDENTIFIER = "codack.AI-Design-R-DTests";
				PRODUCT_NAME = "$(TARGET_NAME)";
				SWIFT_EMIT_LOC_STRINGS = NO;
				SWIFT_VERSION = 5.0;
				TARGETED_DEVICE_FAMILY = "1,2";
				TEST_HOST = "$(BUILT_PRODUCTS_DIR)/AI Design R&D.app/$(BUNDLE_EXECUTABLE_FOLDER_PATH)/AI Design R&D";
			};
			name = Release;
		};
		FA8CEC2F2DB2DC7800A58686 /* Debug */ = {
			isa = XCBuildConfiguration;
			buildSettings = {
				CODE_SIGN_STYLE = Automatic;
				CURRENT_PROJECT_VERSION = 1;
				GENERATE_INFOPLIST_FILE = YES;
				MARKETING_VERSION = 1.0;
				PRODUCT_BUNDLE_IDENTIFIER = "codack.AI-Design-R-DUITests";
				PRODUCT_NAME = "$(TARGET_NAME)";
				SWIFT_EMIT_LOC_STRINGS = NO;
				SWIFT_VERSION = 5.0;
				TARGETED_DEVICE_FAMILY = "1,2";
				TEST_TARGET_NAME = "AI Design R&D";
			};
			name = Debug;
		};
		FA8CEC302DB2DC7800A58686 /* Release */ = {
			isa = XCBuildConfiguration;
			buildSettings = {
				CODE_SIGN_STYLE = Automatic;
				CURRENT_PROJECT_VERSION = 1;
				GENERATE_INFOPLIST_FILE = YES;
				MARKETING_VERSION = 1.0;
				PRODUCT_BUNDLE_IDENTIFIER = "codack.AI-Design-R-DUITests";
				PRODUCT_NAME = "$(TARGET_NAME)";
				SWIFT_EMIT_LOC_STRINGS = NO;
				SWIFT_VERSION = 5.0;
				TARGETED_DEVICE_FAMILY = "1,2";
				TEST_TARGET_NAME = "AI Design R&D";
			};
			name = Release;
		};
/* End XCBuildConfiguration section */

/* Begin XCConfigurationList section */
		FA8CEBFF2DB2DC7400A58686 /* Build configuration list for PBXProject "AI Design R&D" */ = {
			isa = XCConfigurationList;
			buildConfigurations = (
				FA8CEC262DB2DC7800A58686 /* Debug */,
				FA8CEC272DB2DC7800A58686 /* Release */,
			);
			defaultConfigurationIsVisible = 0;
			defaultConfigurationName = Release;
		};
		FA8CEC282DB2DC7800A58686 /* Build configuration list for PBXNativeTarget "AI Design R&D" */ = {
			isa = XCConfigurationList;
			buildConfigurations = (
				FA8CEC292DB2DC7800A58686 /* Debug */,
				FA8CEC2A2DB2DC7800A58686 /* Release */,
			);
			defaultConfigurationIsVisible = 0;
			defaultConfigurationName = Release;
		};
		FA8CEC2B2DB2DC7800A58686 /* Build configuration list for PBXNativeTarget "AI Design R&DTests" */ = {
			isa = XCConfigurationList;
			buildConfigurations = (
				FA8CEC2C2DB2DC7800A58686 /* Debug */,
				FA8CEC2D2DB2DC7800A58686 /* Release */,
			);
			defaultConfigurationIsVisible = 0;
			defaultConfigurationName = Release;
		};
		FA8CEC2E2DB2DC7800A58686 /* Build configuration list for PBXNativeTarget "AI Design R&DUITests" */ = {
			isa = XCConfigurationList;
			buildConfigurations = (
				FA8CEC2F2DB2DC7800A58686 /* Debug */,
				FA8CEC302DB2DC7800A58686 /* Release */,
			);
			defaultConfigurationIsVisible = 0;
			defaultConfigurationName = Release;
		};
/* End XCConfigurationList section */
	};
	rootObject = FA8CEBFC2DB2DC7400A58686 /* Project object */;
}
